Microsoft Visual Studio Solution File, Format Version 10.00
# Visual Studio 2008
Project("{FAE04EC0-301F-11D3-BF4B-00C04F79EFBC}") = "TaijiConsole", "TaijiConsole\TaijiConsole.csproj", "{0A43EE4F-50DA-478C-A6A0-9801D699F447}"
EndProject
Project("{FAE04EC0-301F-11D3-BF4B-00C04F79EFBC}") = "UnitTests", "UnitTests\UnitTests.csproj", "{5BBA3A68-7A97-4EBE-9289-C2E1EDC189B6}"
EndProject
Project("{2150E333-8FDC-42A3-9474-1A3956D46DE8}") = "Solution Items", "Solution Items", "{0691ABF2-B3C7-43BF-9862-2D8D1299CE58}"
	ProjectSection(SolutionItems) = preProject
		..\go.bat = ..\go.bat
		..\Taiji.build = ..\Taiji.build
	EndProjectSection
EndProject
Project("{FAE04EC0-301F-11D3-BF4B-00C04F79EFBC}") = "SampleLibrary", "SampleLibrary\SampleLibrary.csproj", "{7C13E654-827C-4804-B150-2F66524B8B47}"
EndProject
Project("{FAE04EC0-301F-11D3-BF4B-00C04F79EFBC}") = "Taiji.Interfaces", "Taiji.Interfaces\Taiji.Interfaces.csproj", "{89515884-9C96-47C2-BD63-18F938E08581}"
EndProject
Project("{FAE04EC0-301F-11D3-BF4B-00C04F79EFBC}") = "Yin", "Yin\Yin.csproj", "{575177BC-F978-4906-8118-1F11F03BFB1B}"
EndProject
Project("{FAE04EC0-301F-11D3-BF4B-00C04F79EFBC}") = "Yang", "Yang\Yang.csproj", "{0139C78B-307F-42B5-AC3D-4D3D41512CA9}"
EndProject
Global
	GlobalSection(SolutionConfigurationPlatforms) = preSolution
		AutomatedDebug|Any CPU = AutomatedDebug|Any CPU
		Debug|Any CPU = Debug|Any CPU
		Release|Any CPU = Release|Any CPU
	EndGlobalSection
	GlobalSection(ProjectConfigurationPlatforms) = postSolution
		{0A43EE4F-50DA-478C-A6A0-9801D699F447}.AutomatedDebug|Any CPU.ActiveCfg = AutomatedDebug|Any CPU
		{0A43EE4F-50DA-478C-A6A0-9801D699F447}.AutomatedDebug|Any CPU.Build.0 = AutomatedDebug|Any CPU
		{0A43EE4F-50DA-478C-A6A0-9801D699F447}.Debug|Any CPU.ActiveCfg = Debug|Any CPU
		{0A43EE4F-50DA-478C-A6A0-9801D699F447}.Debug|Any CPU.Build.0 = Debug|Any CPU
		{0A43EE4F-50DA-478C-A6A0-9801D699F447}.Release|Any CPU.ActiveCfg = Release|Any CPU
		{0A43EE4F-50DA-478C-A6A0-9801D699F447}.Release|Any CPU.Build.0 = Release|Any CPU	
		{5BBA3A68-7A97-4EBE-9289-C2E1EDC189B6}.AutomatedDebug|Any CPU.ActiveCfg = AutomatedDebug|Any CPU
		{5BBA3A68-7A97-4EBE-9289-C2E1EDC189B6}.AutomatedDebug|Any CPU.Build.0 = AutomatedDebug|Any CPU
		{5BBA3A68-7A97-4EBE-9289-C2E1EDC189B6}.Debug|Any CPU.ActiveCfg = Debug|Any CPU
		{5BBA3A68-7A97-4EBE-9289-C2E1EDC189B6}.Debug|Any CPU.Build.0 = Debug|Any CPU
		{5BBA3A68-7A97-4EBE-9289-C2E1EDC189B6}.Release|Any CPU.ActiveCfg = Release|Any CPU
		{5BBA3A68-7A97-4EBE-9289-C2E1EDC189B6}.Release|Any CPU.Build.0 = Release|Any CPU
		{7C13E654-827C-4804-B150-2F66524B8B47}.AutomatedDebug|Any CPU.ActiveCfg = Debug|Any CPU
		{7C13E654-827C-4804-B150-2F66524B8B47}.AutomatedDebug|Any CPU.Build.0 = Debug|Any CPU
		{7C13E654-827C-4804-B150-2F66524B8B47}.Debug|Any CPU.ActiveCfg = Debug|Any CPU
		{7C13E654-827C-4804-B150-2F66524B8B47}.Debug|Any CPU.Build.0 = Debug|Any CPU
		{7C13E654-827C-4804-B150-2F66524B8B47}.Release|Any CPU.ActiveCfg = Release|Any CPU
		{7C13E654-827C-4804-B150-2F66524B8B47}.Release|Any CPU.Build.0 = Release|Any CPU
		{89515884-9C96-47C2-BD63-18F938E08581}.AutomatedDebug|Any CPU.ActiveCfg = Debug|Any CPU
		{89515884-9C96-47C2-BD63-18F938E08581}.AutomatedDebug|Any CPU.Build.0 = Debug|Any CPU
		{89515884-9C96-47C2-BD63-18F938E08581}.Debug|Any CPU.ActiveCfg = Debug|Any CPU
		{89515884-9C96-47C2-BD63-18F938E08581}.Debug|Any CPU.Build.0 = Debug|Any CPU
		{89515884-9C96-47C2-BD63-18F938E08581}.Release|Any CPU.ActiveCfg = Release|Any CPU
		{89515884-9C96-47C2-BD63-18F938E08581}.Release|Any CPU.Build.0 = Release|Any CPU
		{575177BC-F978-4906-8118-1F11F03BFB1B}.AutomatedDebug|Any CPU.ActiveCfg = Debug|Any CPU
		{575177BC-F978-4906-8118-1F11F03BFB1B}.AutomatedDebug|Any CPU.Build.0 = Debug|Any CPU
		{575177BC-F978-4906-8118-1F11F03BFB1B}.Debug|Any CPU.ActiveCfg = Debug|Any CPU
		{575177BC-F978-4906-8118-1F11F03BFB1B}.Debug|Any CPU.Build.0 = Debug|Any CPU
		{575177BC-F978-4906-8118-1F11F03BFB1B}.Release|Any CPU.ActiveCfg = Release|Any CPU
		{575177BC-F978-4906-8118-1F11F03BFB1B}.Release|Any CPU.Build.0 = Release|Any CPU
		{0139C78B-307F-42B5-AC3D-4D3D41512CA9}.AutomatedDebug|Any CPU.ActiveCfg = Debug|Any CPU
		{0139C78B-307F-42B5-AC3D-4D3D41512CA9}.AutomatedDebug|Any CPU.Build.0 = Debug|Any CPU
		{0139C78B-307F-42B5-AC3D-4D3D41512CA9}.Debug|Any CPU.ActiveCfg = Debug|Any CPU
		{0139C78B-307F-42B5-AC3D-4D3D41512CA9}.Debug|Any CPU.Build.0 = Debug|Any CPU
		{0139C78B-307F-42B5-AC3D-4D3D41512CA9}.Release|Any CPU.ActiveCfg = Release|Any CPU
		{0139C78B-307F-42B5-AC3D-4D3D41512CA9}.Release|Any CPU.Build.0 = Release|Any CPU
	EndGlobalSection
	GlobalSection(SolutionProperties) = preSolution
		HideSolutionNode = FALSE
	EndGlobalSection
EndGlobal
